
Microsoft Visual Studio Solution File, Format Version 12.00
# Visual Studio Version 16
VisualStudioVersion = 16.0.30128.74
MinimumVisualStudioVersion = 10.0.40219.1
Project("{9A19103F-16F7-4668-BE54-9A1E7A4F7556}") = "CoreHal.Json", "src\CoreHal.Json.Microsoft\CoreHal.Json.csproj", "{2E02F2FF-4A12-4C03-AF6E-0EE22E582DB1}"
EndProject
Project("{2150E333-8FDC-42A3-9474-1A3956D46DE8}") = "Code", "Code", "{CF10F542-2948-42E3-BDCC-A2A6A5D5A538}"
EndProject
Project("{2150E333-8FDC-42A3-9474-1A3956D46DE8}") = "Tests", "Tests", "{34DA300F-AEED-4DFB-9CB0-A47B54B0D503}"
EndProject
Project("{9A19103F-16F7-4668-BE54-9A1E7A4F7556}") = "CoreHal.Json.Tests", "test\CoreHal.Json.Microsoft.Tests\CoreHal.Json.Tests.csproj", "{7B9A2DFD-F186-42B6-A53E-090A77ABA63F}"
EndProject
Global
	GlobalSection(SolutionConfigurationPlatforms) = preSolution
		Debug|Any CPU = Debug|Any CPU
		Release|Any CPU = Release|Any CPU
	EndGlobalSection
	GlobalSection(ProjectConfigurationPlatforms) = postSolution
		{2E02F2FF-4A12-4C03-AF6E-0EE22E582DB1}.Debug|Any CPU.ActiveCfg = Debug|Any CPU
		{2E02F2FF-4A12-4C03-AF6E-0EE22E582DB1}.Debug|Any CPU.Build.0 = Debug|Any CPU
		{2E02F2FF-4A12-4C03-AF6E-0EE22E582DB1}.Release|Any CPU.ActiveCfg = Release|Any CPU
		{2E02F2FF-4A12-4C03-AF6E-0EE22E582DB1}.Release|Any CPU.Build.0 = Release|Any CPU
		{7B9A2DFD-F186-42B6-A53E-090A77ABA63F}.Debug|Any CPU.ActiveCfg = Debug|Any CPU
		{7B9A2DFD-F186-42B6-A53E-090A77ABA63F}.Debug|Any CPU.Build.0 = Debug|Any CPU
		{7B9A2DFD-F186-42B6-A53E-090A77ABA63F}.Release|Any CPU.ActiveCfg = Release|Any CPU
		{7B9A2DFD-F186-42B6-A53E-090A77ABA63F}.Release|Any CPU.Build.0 = Release|Any CPU
	EndGlobalSection
	GlobalSection(SolutionProperties) = preSolution
		HideSolutionNode = FALSE
	EndGlobalSection
	GlobalSection(NestedProjects) = preSolution
		{2E02F2FF-4A12-4C03-AF6E-0EE22E582DB1} = {CF10F542-2948-42E3-BDCC-A2A6A5D5A538}
		{7B9A2DFD-F186-42B6-A53E-090A77ABA63F} = {34DA300F-AEED-4DFB-9CB0-A47B54B0D503}
	EndGlobalSection
	GlobalSection(ExtensibilityGlobals) = postSolution
		SolutionGuid = {F8B13F88-5458-4C9D-9A5E-921A38902072}
	EndGlobalSection
EndGlobal
